// !$*UTF8*$!
{
	archiveVersion = 1;
	classes = {
	};
	objectVersion = 46;
	objects = {

/* Begin PBXBuildFile section */
		3F448EBA1E1E638F00A6E736 /* AppDelegate.swift in Sources */ = {isa = PBXBuildFile; fileRef = 3F448EB91E1E638F00A6E736 /* AppDelegate.swift */; };
		3F448EBC1E1E638F00A6E736 /* ViewController.swift in Sources */ = {isa = PBXBuildFile; fileRef = 3F448EBB1E1E638F00A6E736 /* ViewController.swift */; };
		3F448EBF1E1E638F00A6E736 /* Main.storyboard in Resources */ = {isa = PBXBuildFile; fileRef = 3F448EBD1E1E638F00A6E736 /* Main.storyboard */; };
		3F448EC11E1E638F00A6E736 /* Assets.xcassets in Resources */ = {isa = PBXBuildFile; fileRef = 3F448EC01E1E638F00A6E736 /* Assets.xcassets */; };
		3F448EC41E1E638F00A6E736 /* LaunchScreen.storyboard in Resources */ = {isa = PBXBuildFile; fileRef = 3F448EC21E1E638F00A6E736 /* LaunchScreen.storyboard */; };
/* End PBXBuildFile section */

/* Begin PBXFileReference section */
		3F448EB61E1E638F00A6E736 /* MeuPrimeiroAppUFTManha.app */ = {isa = PBXFileReference; explicitFileType = wrapper.application; includeInIndex = 0; path = MeuPrimeiroAppUFTManha.app; sourceTree = BUILT_PRODUCTS_DIR; };
		3F448EB91E1E638F00A6E736 /* AppDelegate.swift */ = {isa = PBXFileReference; lastKnownFileType = sourcecode.swift; path = AppDelegate.swift; sourceTree = "<group>"; };
		3F448EBB1E1E638F00A6E736 /* ViewController.swift */ = {isa = PBXFileReference; lastKnownFileType = sourcecode.swift; path = ViewController.swift; sourceTree = "<group>"; };
		3F448EBE1E1E638F00A6E736 /* Base */ = {isa = PBXFileReference; lastKnownFileType = file.storyboard; name = Base; path = Base.lproj/Main.storyboard; sourceTree = "<group>"; };
		3F448EC01E1E638F00A6E736 /* Assets.xcassets */ = {isa = PBXFileReference; lastKnownFileType = folder.assetcatalog; path = Assets.xcassets; sourceTree = "<group>"; };
		3F448EC31E1E638F00A6E736 /* Base */ = {isa = PBXFileReference; lastKnownFileType = file.storyboard; name = Base; path = Base.lproj/LaunchScreen.storyboard; sourceTree = "<group>"; };
		3F448EC51E1E638F00A6E736 /* Info.plist */ = {isa = PBXFileReference; lastKnownFileType = text.plist.xml; path = Info.plist; sourceTree = "<group>"; };
/* End PBXFileReference section */

/* Begin PBXFrameworksBuildPhase section */
		3F448EB31E1E638F00A6E736 /* Frameworks */ = {
			isa = PBXFrameworksBuildPhase;
			buildActionMask = 2147483647;
			files = (
			);
			runOnlyForDeploymentPostprocessing = 0;
		};
/* End PBXFrameworksBuildPhase section */

/* Begin PBXGroup section */
		3F448EAD1E1E638F00A6E736 = {
			isa = PBXGroup;
			children = (
				3F448EB81E1E638F00A6E736 /* MeuPrimeiroAppUFTManha */,
				3F448EB71E1E638F00A6E736 /* Products */,
			);
			sourceTree = "<group>";
		};
		3F448EB71E1E638F00A6E736 /* Products */ = {
			isa = PBXGroup;
			children = (
				3F448EB61E1E638F00A6E736 /* MeuPrimeiroAppUFTManha.app */,
			);
			name = Products;
			sourceTree = "<group>";
		};
		3F448EB81E1E638F00A6E736 /* MeuPrimeiroAppUFTManha */ = {
			isa = PBXGroup;
			children = (
				3F448EB91E1E638F00A6E736 /* AppDelegate.swift */,
				3F448EBB1E1E638F00A6E736 /* ViewController.swift */,
				3F448EBD1E1E638F00A6E736 /* Main.storyboard */,
				3F448EC01E1E638F00A6E736 /* Assets.xcassets */,
				3F448EC21E1E638F00A6E736 /* LaunchScreen.storyboard */,
				3F448EC51E1E638F00A6E736 /* Info.plist */,
			);
			path = MeuPrimeiroAppUFTManha;
			sourceTree = "<group>";
		};
/* End PBXGroup section */

/* Begin PBXNativeTarget section */
		3F448EB51E1E638F00A6E736 /* MeuPrimeiroAppUFTManha */ = {
			isa = PBXNativeTarget;
			buildConfigurationList = 3F448EC81E1E638F00A6E736 /* Build configuration list for PBXNativeTarget "MeuPrimeiroAppUFTManha" */;
			buildPhases = (
				3F448EB21E1E638F00A6E736 /* Sources */,
				3F448EB31E1E638F00A6E736 /* Frameworks */,
				3F448EB41E1E638F00A6E736 /* Resources */,
			);
			buildRules = (
			);
			dependencies = (
			);
			name = MeuPrimeiroAppUFTManha;
			productName = MeuPrimeiroAppUFTManha;
			productReference = 3F448EB61E1E638F00A6E736 /* MeuPrimeiroAppUFTManha.app */;
			productType = "com.apple.product-type.application";
		};
/* End PBXNativeTarget section */

/* Begin PBXProject section */
		3F448EAE1E1E638F00A6E736 /* Project object */ = {
			isa = PBXProject;
			attributes = {
				LastSwiftUpdateCheck = 0820;
				LastUpgradeCheck = 0820;
				ORGANIZATIONNAME = Lorraine;
				TargetAttributes = {
					3F448EB51E1E638F00A6E736 = {
						CreatedOnToolsVersion = 8.2.1;
						ProvisioningStyle = Automatic;
					};
				};
			};
			buildConfigurationList = 3F448EB11E1E638F00A6E736 /* Build configuration list for PBXProject "MeuPrimeiroAppUFTManha" */;
			compatibilityVersion = "Xcode 3.2";
			developmentRegion = English;
			hasScannedForEncodings = 0;
			knownRegions = (
				en,
				Base,
			);
			mainGroup = 3F448EAD1E1E638F00A6E736;
			productRefGroup = 3F448EB71E1E638F00A6E736 /* Products */;
			projectDirPath = "";
			projectRoot = "";
			targets = (
				3F448EB51E1E638F00A6E736 /* MeuPrimeiroAppUFTManha */,
			);
		};
/* End PBXProject section */

/* Begin PBXResourcesBuildPhase section */
		3F448EB41E1E638F00A6E736 /* Resources */ = {
			isa = PBXResourcesBuildPhase;
			buildActionMask = 2147483647;
			files = (
				3F448EC41E1E638F00A6E736 /* LaunchScreen.storyboard in Resources */,
				3F448EC11E1E638F00A6E736 /* Assets.xcassets in Resources */,
				3F448EBF1E1E638F00A6E736 /* Main.storyboard in Resources */,
			);
			runOnlyForDeploymentPostprocessing = 0;
		};
/* End PBXResourcesBuildPhase section */

/* Begin PBXSourcesBuildPhase section */
		3F448EB21E1E638F00A6E736 /* Sources */ = {
			isa = PBXSourcesBuildPhase;
			buildActionMask = 2147483647;
			files = (
				3F448EBC1E1E638F00A6E736 /* ViewController.swift in Sources */,
				3F448EBA1E1E638F00A6E736 /* AppDelegate.swift in Sources */,
			);
			runOnlyForDeploymentPostprocessing = 0;
		};
/* End PBXSourcesBuildPhase section */

/* Begin PBXVariantGroup section */
		3F448EBD1E1E638F00A6E736 /* Main.storyboard */ = {
			isa = PBXVariantGroup;
			children = (
				3F448EBE1E1E638F00A6E736 /* Base */,
			);
			name = Main.storyboard;
			sourceTree = "<group>";
		};
		3F448EC21E1E638F00A6E736 /* LaunchScreen.storyboard */ = {
			isa = PBXVariantGroup;
			children = (
				3F448EC31E1E638F00A6E736 /* Base */,
			);
			name = LaunchScreen.storyboard;
			sourceTree = "<group>";
		};
/* End PBXVariantGroup section */

/* Begin XCBuildConfiguration section */
		3F448EC61E1E638F00A6E736 /* Debug */ = {
			isa = XCBuildConfiguration;
			buildSettings = {
				ALWAYS_SEARCH_USER_PATHS = NO;
				CLANG_ANALYZER_NONNULL = YES;
				CLANG_CXX_LANGUAGE_STANDARD = "gnu++0x";
				CLANG_CXX_LIBRARY = "libc++";
				CLANG_ENABLE_MODULES = YES;
				CLANG_ENABLE_OBJC_ARC = YES;
				CLANG_WARN_BOOL_CONVERSION = YES;
				CLANG_WARN_CONSTANT_CONVERSION = YES;
				CLANG_WARN_DIRECT_OBJC_ISA_USAGE = YES_ERROR;
				CLANG_WARN_DOCUMENTATION_COMMENTS = YES;
				CLANG_WARN_EMPTY_BODY = YES;
				CLANG_WARN_ENUM_CONVERSION = YES;
				CLANG_WARN_INFINITE_RECURSION = YES;
				CLANG_WARN_INT_CONVERSION = YES;
				CLANG_WARN_OBJC_ROOT_CLASS = YES_ERROR;
				CLANG_WARN_SUSPICIOUS_MOVE = YES;
				CLANG_WARN_UNREACHABLE_CODE = YES;
				CLANG_WARN__DUPLICATE_METHOD_MATCH = YES;
				"CODE_SIGN_IDENTITY[sdk=iphoneos*]" = "iPhone Developer";
				COPY_PHASE_STRIP = NO;
				DEBUG_INFORMATION_FORMAT = dwarf;
				ENABLE_STRICT_OBJC_MSGSEND = YES;
				ENABLE_TESTABILITY = YES;
				GCC_C_LANGUAGE_STANDARD = gnu99;
				GCC_DYNAMIC_NO_PIC = NO;
				GCC_NO_COMMON_BLOCKS = YES;
				GCC_OPTIMIZATION_LEVEL = 0;
				GCC_PREPROCESSOR_DEFINITIONS = (
					"DEBUG=1",
					"$(inherited)",
				);
				GCC_WARN_64_TO_32_BIT_CONVERSION = YES;
				GCC_WARN_ABOUT_RETURN_TYPE = YES_ERROR;
				GCC_WARN_UNDECLARED_SELECTOR = YES;
				GCC_WARN_UNINITIALIZED_AUTOS = YES_AGGRESSIVE;
				GCC_WARN_UNUSED_FUNCTION = YES;
				GCC_WARN_UNUSED_VARIABLE = YES;
				IPHONEOS_DEPLOYMENT_TARGET = 10.2;
				MTL_ENABLE_DEBUG_INFO = YES;
				ONLY_ACTIVE_ARCH = YES;
				SDKROOT = iphoneos;
				SWIFT_ACTIVE_COMPILATION_CONDITIONS = DEBUG;
				SWIFT_OPTIMIZATION_LEVEL = "-Onone";
				TARGETED_DEVICE_FAMILY = "1,2";
			};
			name = Debug;
		};
		3F448EC71E1E638F00A6E736 /* Release */ = {
			isa = XCBuildConfiguration;
			buildSettings = {
				ALWAYS_SEARCH_USER_PATHS = NO;
				CLANG_ANALYZER_NONNULL = YES;
				CLANG_CXX_LANGUAGE_STANDARD = "gnu++0x";
				CLANG_CXX_LIBRARY = "libc++";
				CLANG_ENABLE_MODULES = YES;
				CLANG_ENABLE_OBJC_ARC = YES;
				CLANG_WARN_BOOL_CONVERSION = YES;
				CLANG_WARN_CONSTANT_CONVERSION = YES;
				CLANG_WARN_DIRECT_OBJC_ISA_USAGE = YES_ERROR;
				CLANG_WARN_DOCUMENTATION_COMMENTS = YES;
				CLANG_WARN_EMPTY_BODY = YES;
				CLANG_WARN_ENUM_CONVERSION = YES;
				CLANG_WARN_INFINITE_RECURSION = YES;
				CLANG_WARN_INT_CONVERSION = YES;
				CLANG_WARN_OBJC_ROOT_CLASS = YES_ERROR;
				CLANG_WARN_SUSPICIOUS_MOVE = YES;
				CLANG_WARN_UNREACHABLE_CODE = YES;
				CLANG_WARN__DUPLICATE_METHOD_MATCH = YES;
				"CODE_SIGN_IDENTITY[sdk=iphoneos*]" = "iPhone Developer";
				COPY_PHASE_STRIP = NO;
				DEBUG_INFORMATION_FORMAT = "dwarf-with-dsym";
				ENABLE_NS_ASSERTIONS = NO;
				ENABLE_STRICT_OBJC_MSGSEND = YES;
				GCC_C_LANGUAGE_STANDARD = gnu99;
				GCC_NO_COMMON_BLOCKS = YES;
				GCC_WARN_64_TO_32_BIT_CONVERSION = YES;
				GCC_WARN_ABOUT_RETURN_TYPE = YES_ERROR;
				GCC_WARN_UNDECLARED_SELECTOR = YES;
				GCC_WARN_UNINITIALIZED_AUTOS = YES_AGGRESSIVE;
				GCC_WARN_UNUSED_FUNCTION = YES;
				GCC_WARN_UNUSED_VARIABLE = YES;
				IPHONEOS_DEPLOYMENT_TARGET = 10.2;
				MTL_ENABLE_DEBUG_INFO = NO;
				SDKROOT = iphoneos;
				SWIFT_OPTIMIZATION_LEVEL = "-Owholemodule";
				TARGETED_DEVICE_FAMILY = "1,2";
				VALIDATE_PRODUCT = YES;
			};
			name = Release;
		};
		3F448EC91E1E638F00A6E736 /* Debug */ = {
			isa = XCBuildConfiguration;
			buildSettings = {
				ASSETCATALOG_COMPILER_APPICON_NAME = AppIcon;
				DEVELOPMENT_TEAM = "";
				INFOPLIST_FILE = MeuPrimeiroAppUFTManha/Info.plist;
				LD_RUNPATH_SEARCH_PATHS = "$(inherited) @executable_path/Frameworks";
				PRODUCT_BUNDLE_IDENTIFIER = Looh.MeuPrimeiroAppUFTManha;
				PRODUCT_NAME = "$(TARGET_NAME)";
				SWIFT_VERSION = 3.0;
				TARGETED_DEVICE_FAMILY = "1,2";
			};
			name = Debug;
		};
		3F448ECA1E1E638F00A6E736 /* Release */ = {
			isa = XCBuildConfiguration;
			buildSettings = {
				ASSETCATALOG_COMPILER_APPICON_NAME = AppIcon;
				DEVELOPMENT_TEAM = "";
				INFOPLIST_FILE = MeuPrimeiroAppUFTManha/Info.plist;
				LD_RUNPATH_SEARCH_PATHS = "$(inherited) @executable_path/Frameworks";
				PRODUCT_BUNDLE_IDENTIFIER = Looh.MeuPrimeiroAppUFTManha;
				PRODUCT_NAME = "$(TARGET_NAME)";
				SWIFT_VERSION = 3.0;
				TARGETED_DEVICE_FAMILY = "1,2";
			};
			name = Release;
		};
/* End XCBuildConfiguration section */

/* Begin XCConfigurationList section */
		3F448EB11E1E638F00A6E736 /* Build configuration list for PBXProject "MeuPrimeiroAppUFTManha" */ = {
			isa = XCConfigurationList;
			buildConfigurations = (
				3F448EC61E1E638F00A6E736 /* Debug */,
				3F448EC71E1E638F00A6E736 /* Release */,
			);
			defaultConfigurationIsVisible = 0;
			defaultConfigurationName = Release;
		};
		3F448EC81E1E638F00A6E736 /* Build configuration list for PBXNativeTarget "MeuPrimeiroAppUFTManha" */ = {
			isa = XCConfigurationList;
			buildConfigurations = (
				3F448EC91E1E638F00A6E736 /* Debug */,
				3F448ECA1E1E638F00A6E736 /* Release */,
			);
			defaultConfigurationIsVisible = 0;
		};
/* End XCConfigurationList section */
	};
	rootObject = 3F448EAE1E1E638F00A6E736 /* Project object */;
}
